
Microsoft Visual Studio Solution File, Format Version 12.00
# Visual Studio Version 17
VisualStudioVersion = 17.6.33723.286
MinimumVisualStudioVersion = 10.0.40219.1
Project("{9A19103F-16F7-4668-BE54-9A1E7A4F7556}") = "LINQ_Assignment01", "LINQ_Assignment01\LINQ_Assignment01.csproj", "{EE2ED59C-2454-46C8-866B-9B2719276850}"
EndProject
Project("{9A19103F-16F7-4668-BE54-9A1E7A4F7556}") = "Demo", "Demo\Demo.csproj", "{3E4C2C48-1C10-401C-9252-6351179E0283}"
EndProject
Project("{FAE04EC0-301F-11D3-BF4B-00C04F79EFBC}") = "LINQ_Assignment02", "LINQ_Assignment02\LINQ_Assignment02.csproj", "{19C0632E-54FD-487D-B1EF-EAD28D4DF1EA}"
EndProject
Global
	GlobalSection(SolutionConfigurationPlatforms) = preSolution
		Debug|Any CPU = Debug|Any CPU
		Release|Any CPU = Release|Any CPU
	EndGlobalSection
	GlobalSection(ProjectConfigurationPlatforms) = postSolution
		{EE2ED59C-2454-46C8-866B-9B2719276850}.Debug|Any CPU.ActiveCfg = Debug|Any CPU
		{EE2ED59C-2454-46C8-866B-9B2719276850}.Debug|Any CPU.Build.0 = Debug|Any CPU
		{EE2ED59C-2454-46C8-866B-9B2719276850}.Release|Any CPU.ActiveCfg = Release|Any CPU
		{EE2ED59C-2454-46C8-866B-9B2719276850}.Release|Any CPU.Build.0 = Release|Any CPU
		{3E4C2C48-1C10-401C-9252-6351179E0283}.Debug|Any CPU.ActiveCfg = Debug|Any CPU
		{3E4C2C48-1C10-401C-9252-6351179E0283}.Debug|Any CPU.Build.0 = Debug|Any CPU
		{3E4C2C48-1C10-401C-9252-6351179E0283}.Release|Any CPU.ActiveCfg = Release|Any CPU
		{3E4C2C48-1C10-401C-9252-6351179E0283}.Release|Any CPU.Build.0 = Release|Any CPU
		{19C0632E-54FD-487D-B1EF-EAD28D4DF1EA}.Debug|Any CPU.ActiveCfg = Debug|Any CPU
		{19C0632E-54FD-487D-B1EF-EAD28D4DF1EA}.Debug|Any CPU.Build.0 = Debug|Any CPU
		{19C0632E-54FD-487D-B1EF-EAD28D4DF1EA}.Release|Any CPU.ActiveCfg = Release|Any CPU
		{19C0632E-54FD-487D-B1EF-EAD28D4DF1EA}.Release|Any CPU.Build.0 = Release|Any CPU
	EndGlobalSection
	GlobalSection(SolutionProperties) = preSolution
		HideSolutionNode = FALSE
	EndGlobalSection
	GlobalSection(ExtensibilityGlobals) = postSolution
		SolutionGuid = {452A129D-5259-4569-8CD2-06FC84D602BB}
	EndGlobalSection
EndGlobal
